// !$*UTF8*$!
{
	archiveVersion = 1;
	classes = {
	};
	objectVersion = 54;
	objects = {

/* Begin PBXBuildFile section */
		FD06C7DE265D21F700D1B497 /* AnalyticsService.swift in Sources */ = {isa = PBXBuildFile; fileRef = FD06C7DD265D21F700D1B497 /* AnalyticsService.swift */; };
		FD06C7E0265D265F00D1B497 /* AnalyticsEvent.swift in Sources */ = {isa = PBXBuildFile; fileRef = FD06C7DF265D265F00D1B497 /* AnalyticsEvent.swift */; };
		FD06C7E3265D350B00D1B497 /* PostAnalyticsEventRequest.swift in Sources */ = {isa = PBXBuildFile; fileRef = FD06C7E2265D350B00D1B497 /* PostAnalyticsEventRequest.swift */; };
		FD2E098B265963F6006D3459 /* FruitDetailPresenter.swift in Sources */ = {isa = PBXBuildFile; fileRef = FD2E0982265963F6006D3459 /* FruitDetailPresenter.swift */; };
		FD2E098C265963F6006D3459 /* FruitDetailView.swift in Sources */ = {isa = PBXBuildFile; fileRef = FD2E0984265963F6006D3459 /* FruitDetailView.swift */; };
		FD2E098D265963F6006D3459 /* FruitDetailViewController.swift in Sources */ = {isa = PBXBuildFile; fileRef = FD2E0985265963F6006D3459 /* FruitDetailViewController.swift */; };
		FD2E0990265963F6006D3459 /* FruitDetailRouter.swift in Sources */ = {isa = PBXBuildFile; fileRef = FD2E098A265963F6006D3459 /* FruitDetailRouter.swift */; };
		FD2E09922659692B006D3459 /* FruitDetailModule.swift in Sources */ = {isa = PBXBuildFile; fileRef = FD2E09912659692B006D3459 /* FruitDetailModule.swift */; };
		FD2E099426596B52006D3459 /* FruitListModule.swift in Sources */ = {isa = PBXBuildFile; fileRef = FD2E099326596B52006D3459 /* FruitListModule.swift */; };
		FD53C9082659193C0046D485 /* AppDelegate.swift in Sources */ = {isa = PBXBuildFile; fileRef = FD53C9072659193C0046D485 /* AppDelegate.swift */; };
		FD53C90C2659193C0046D485 /* FruitListViewController.swift in Sources */ = {isa = PBXBuildFile; fileRef = FD53C90B2659193C0046D485 /* FruitListViewController.swift */; };
		FD53C9112659193F0046D485 /* Assets.xcassets in Resources */ = {isa = PBXBuildFile; fileRef = FD53C9102659193F0046D485 /* Assets.xcassets */; };
		FD53C9142659193F0046D485 /* LaunchScreen.storyboard in Resources */ = {isa = PBXBuildFile; fileRef = FD53C9122659193F0046D485 /* LaunchScreen.storyboard */; };
		FD53C91F2659193F0046D485 /* FruitListPresenterTests.swift in Sources */ = {isa = PBXBuildFile; fileRef = FD53C91E2659193F0046D485 /* FruitListPresenterTests.swift */; };
		FD53C945265935330046D485 /* PromiseKit in Frameworks */ = {isa = PBXBuildFile; productRef = FD53C944265935330046D485 /* PromiseKit */; };
		FD53C94C265939D50046D485 /* FruitListInteractor.swift in Sources */ = {isa = PBXBuildFile; fileRef = FD53C94B265939D50046D485 /* FruitListInteractor.swift */; };
		FD53C94E26593A010046D485 /* FruitListPresenter.swift in Sources */ = {isa = PBXBuildFile; fileRef = FD53C94D26593A010046D485 /* FruitListPresenter.swift */; };
		FD53C95026593ADC0046D485 /* FruitListRouter.swift in Sources */ = {isa = PBXBuildFile; fileRef = FD53C94F26593ADC0046D485 /* FruitListRouter.swift */; };
		FD53C9592659582F0046D485 /* FruitListCollectionViewCell.swift in Sources */ = {isa = PBXBuildFile; fileRef = FD53C9572659582F0046D485 /* FruitListCollectionViewCell.swift */; };
		FD53C95A2659582F0046D485 /* FruitListCollectionViewCell.xib in Resources */ = {isa = PBXBuildFile; fileRef = FD53C9582659582F0046D485 /* FruitListCollectionViewCell.xib */; };
		FD53C95D265959780046D485 /* DesignableView.swift in Sources */ = {isa = PBXBuildFile; fileRef = FD53C95C265959780046D485 /* DesignableView.swift */; };
		FD53C95F265967260046D485 /* FruitListView.swift in Sources */ = {isa = PBXBuildFile; fileRef = FD53C95E265967260046D485 /* FruitListView.swift */; };
		FD53C9612659E2080046D485 /* FruitList.storyboard in Resources */ = {isa = PBXBuildFile; fileRef = FD53C9602659E2080046D485 /* FruitList.storyboard */; };
		FD53C9632659E7E20046D485 /* UIViewController+storyboard.swift in Sources */ = {isa = PBXBuildFile; fileRef = FD53C9622659E7E20046D485 /* UIViewController+storyboard.swift */; };
		FD53C98A2659F3A60046D485 /* SceneDelegate.swift in Sources */ = {isa = PBXBuildFile; fileRef = FD53C9892659F3A60046D485 /* SceneDelegate.swift */; };
		FD53C98C2659F7970046D485 /* NibBackedView.swift in Sources */ = {isa = PBXBuildFile; fileRef = FD53C98B2659F7970046D485 /* NibBackedView.swift */; };
		FD701591265BC54500E72899 /* ApiService.swift in Sources */ = {isa = PBXBuildFile; fileRef = FD701590265BC54500E72899 /* ApiService.swift */; };
		FD701593265BC60A00E72899 /* Request.swift in Sources */ = {isa = PBXBuildFile; fileRef = FD701592265BC60A00E72899 /* Request.swift */; };
		FD701595265BC60A00E72899 /* HttpMethod.swift in Sources */ = {isa = PBXBuildFile; fileRef = FD701594265BC60A00E72899 /* HttpMethod.swift */; };
		FD701598265BC60A00E72899 /* HttpHeader.swift in Sources */ = {isa = PBXBuildFile; fileRef = FD701597265BC60A00E72899 /* HttpHeader.swift */; };
		FD70159B265BC60A00E72899 /* URLRequestBuilder.swift in Sources */ = {isa = PBXBuildFile; fileRef = FD70159A265BC60A00E72899 /* URLRequestBuilder.swift */; };
		FD70159D265BC60A00E72899 /* ApiError.swift in Sources */ = {isa = PBXBuildFile; fileRef = FD70159C265BC60A00E72899 /* ApiError.swift */; };
		FD7015A2265BC60A00E72899 /* PMKFoundation in Frameworks */ = {isa = PBXBuildFile; productRef = FD7015A1265BC60A00E72899 /* PMKFoundation */; };
		FD7015A5265BC60A00E72899 /* GetFruitDataRequest.swift in Sources */ = {isa = PBXBuildFile; fileRef = FD7015A4265BC60A00E72899 /* GetFruitDataRequest.swift */; };
		FD75F84A265A9C85004416E1 /* RoundedBorderButton.swift in Sources */ = {isa = PBXBuildFile; fileRef = FD75F849265A9C85004416E1 /* RoundedBorderButton.swift */; };
		FD931C5E265D24F200F37AB3 /* XCTestExpectation+Promise.swift in Sources */ = {isa = PBXBuildFile; fileRef = FD931C5D265D24F200F37AB3 /* XCTestExpectation+Promise.swift */; };
		FD931C62265D291C00F37AB3 /* FruitFixtures.swift in Sources */ = {isa = PBXBuildFile; fileRef = FD931C61265D291C00F37AB3 /* FruitFixtures.swift */; };
		FD931C64265D29B800F37AB3 /* Fruit.swift in Sources */ = {isa = PBXBuildFile; fileRef = FD53C951265953690046D485 /* Fruit.swift */; };
		FD931C66265D325000F37AB3 /* FruitDetailPresenterTests.swift in Sources */ = {isa = PBXBuildFile; fileRef = FD931C65265D325000F37AB3 /* FruitDetailPresenterTests.swift */; };
		FD931C69265D3E6C00F37AB3 /* FruitListInteractorTests.swift in Sources */ = {isa = PBXBuildFile; fileRef = FD931C68265D3E6C00F37AB3 /* FruitListInteractorTests.swift */; };
		FD931C6B265D4D1400F37AB3 /* RequestMatcher.swift in Sources */ = {isa = PBXBuildFile; fileRef = FD931C6A265D4D1400F37AB3 /* RequestMatcher.swift */; };
		FDA36747265A977400E7ED99 /* UIScrollView+refresh.swift in Sources */ = {isa = PBXBuildFile; fileRef = FDA36746265A977400E7ED99 /* UIScrollView+refresh.swift */; };
		FDB5CC37265BBE3B00159141 /* TimeInterval+Utils.swift in Sources */ = {isa = PBXBuildFile; fileRef = FDB5CC36265BBE3B00159141 /* TimeInterval+Utils.swift */; };
		FDB5CC39265BCF4500159141 /* ApiConfig.swift in Sources */ = {isa = PBXBuildFile; fileRef = FDB5CC38265BCF4500159141 /* ApiConfig.swift */; };
		FDB5CC3B265BF1A400159141 /* ScreenAnalytics.swift in Sources */ = {isa = PBXBuildFile; fileRef = FDB5CC3A265BF1A400159141 /* ScreenAnalytics.swift */; };
		FDB5CC3E265C251E00159141 /* SwiftyMocky in Frameworks */ = {isa = PBXBuildFile; productRef = FDB5CC3D265C251E00159141 /* SwiftyMocky */; };
		FDB5CC42265C3FAF00159141 /* AutoMockable.swift in Sources */ = {isa = PBXBuildFile; fileRef = FDB5CC41265C3FAF00159141 /* AutoMockable.swift */; };
		FDB5CC45265C43A400159141 /* Mock.generated.swift in Sources */ = {isa = PBXBuildFile; fileRef = FDB5CC44265C43A400159141 /* Mock.generated.swift */; };
		FDEACC2F2659C62600D0A756 /* FruitDetail.storyboard in Resources */ = {isa = PBXBuildFile; fileRef = FDEACC2E2659C62600D0A756 /* FruitDetail.storyboard */; };
/* End PBXBuildFile section */

/* Begin PBXContainerItemProxy section */
		FD53C91B2659193F0046D485 /* PBXContainerItemProxy */ = {
			isa = PBXContainerItemProxy;
			containerPortal = FD53C8FC2659193C0046D485 /* Project object */;
			proxyType = 1;
			remoteGlobalIDString = FD53C9032659193C0046D485;
			remoteInfo = Fruitful;
		};
/* End PBXContainerItemProxy section */

/* Begin PBXFileReference section */
		FD06C7DD265D21F700D1B497 /* AnalyticsService.swift */ = {isa = PBXFileReference; lastKnownFileType = sourcecode.swift; path = AnalyticsService.swift; sourceTree = "<group>"; };
		FD06C7DF265D265F00D1B497 /* AnalyticsEvent.swift */ = {isa = PBXFileReference; lastKnownFileType = sourcecode.swift; path = AnalyticsEvent.swift; sourceTree = "<group>"; };
		FD06C7E2265D350B00D1B497 /* PostAnalyticsEventRequest.swift */ = {isa = PBXFileReference; lastKnownFileType = sourcecode.swift; path = PostAnalyticsEventRequest.swift; sourceTree = "<group>"; };
		FD2E0982265963F6006D3459 /* FruitDetailPresenter.swift */ = {isa = PBXFileReference; fileEncoding = 4; lastKnownFileType = sourcecode.swift; path = FruitDetailPresenter.swift; sourceTree = "<group>"; };
		FD2E0984265963F6006D3459 /* FruitDetailView.swift */ = {isa = PBXFileReference; fileEncoding = 4; lastKnownFileType = sourcecode.swift; path = FruitDetailView.swift; sourceTree = "<group>"; };
		FD2E0985265963F6006D3459 /* FruitDetailViewController.swift */ = {isa = PBXFileReference; fileEncoding = 4; lastKnownFileType = sourcecode.swift; path = FruitDetailViewController.swift; sourceTree = "<group>"; };
		FD2E098A265963F6006D3459 /* FruitDetailRouter.swift */ = {isa = PBXFileReference; fileEncoding = 4; lastKnownFileType = sourcecode.swift; path = FruitDetailRouter.swift; sourceTree = "<group>"; };
		FD2E09912659692B006D3459 /* FruitDetailModule.swift */ = {isa = PBXFileReference; lastKnownFileType = sourcecode.swift; path = FruitDetailModule.swift; sourceTree = "<group>"; };
		FD2E099326596B52006D3459 /* FruitListModule.swift */ = {isa = PBXFileReference; lastKnownFileType = sourcecode.swift; path = FruitListModule.swift; sourceTree = "<group>"; };
		FD53C9042659193C0046D485 /* Fruitful.app */ = {isa = PBXFileReference; explicitFileType = wrapper.application; includeInIndex = 0; path = Fruitful.app; sourceTree = BUILT_PRODUCTS_DIR; };
		FD53C9072659193C0046D485 /* AppDelegate.swift */ = {isa = PBXFileReference; lastKnownFileType = sourcecode.swift; path = AppDelegate.swift; sourceTree = "<group>"; };
		FD53C90B2659193C0046D485 /* FruitListViewController.swift */ = {isa = PBXFileReference; lastKnownFileType = sourcecode.swift; path = FruitListViewController.swift; sourceTree = "<group>"; };
		FD53C9102659193F0046D485 /* Assets.xcassets */ = {isa = PBXFileReference; lastKnownFileType = folder.assetcatalog; path = Assets.xcassets; sourceTree = "<group>"; };
		FD53C9132659193F0046D485 /* Base */ = {isa = PBXFileReference; lastKnownFileType = file.storyboard; name = Base; path = Base.lproj/LaunchScreen.storyboard; sourceTree = "<group>"; };
		FD53C9152659193F0046D485 /* Info.plist */ = {isa = PBXFileReference; lastKnownFileType = text.plist.xml; path = Info.plist; sourceTree = "<group>"; };
		FD53C91A2659193F0046D485 /* FruitfulTests.xctest */ = {isa = PBXFileReference; explicitFileType = wrapper.cfbundle; includeInIndex = 0; path = FruitfulTests.xctest; sourceTree = BUILT_PRODUCTS_DIR; };
		FD53C91E2659193F0046D485 /* FruitListPresenterTests.swift */ = {isa = PBXFileReference; lastKnownFileType = sourcecode.swift; path = FruitListPresenterTests.swift; sourceTree = "<group>"; };
		FD53C9202659193F0046D485 /* Info.plist */ = {isa = PBXFileReference; lastKnownFileType = text.plist.xml; path = Info.plist; sourceTree = "<group>"; };
		FD53C94B265939D50046D485 /* FruitListInteractor.swift */ = {isa = PBXFileReference; lastKnownFileType = sourcecode.swift; path = FruitListInteractor.swift; sourceTree = "<group>"; };
		FD53C94D26593A010046D485 /* FruitListPresenter.swift */ = {isa = PBXFileReference; lastKnownFileType = sourcecode.swift; path = FruitListPresenter.swift; sourceTree = "<group>"; };
		FD53C94F26593ADC0046D485 /* FruitListRouter.swift */ = {isa = PBXFileReference; lastKnownFileType = sourcecode.swift; path = FruitListRouter.swift; sourceTree = "<group>"; };
		FD53C951265953690046D485 /* Fruit.swift */ = {isa = PBXFileReference; lastKnownFileType = sourcecode.swift; path = Fruit.swift; sourceTree = "<group>"; };
		FD53C9572659582F0046D485 /* FruitListCollectionViewCell.swift */ = {isa = PBXFileReference; lastKnownFileType = sourcecode.swift; path = FruitListCollectionViewCell.swift; sourceTree = "<group>"; };
		FD53C9582659582F0046D485 /* FruitListCollectionViewCell.xib */ = {isa = PBXFileReference; lastKnownFileType = file.xib; path = FruitListCollectionViewCell.xib; sourceTree = "<group>"; };
		FD53C95C265959780046D485 /* DesignableView.swift */ = {isa = PBXFileReference; lastKnownFileType = sourcecode.swift; path = DesignableView.swift; sourceTree = "<group>"; };
		FD53C95E265967260046D485 /* FruitListView.swift */ = {isa = PBXFileReference; lastKnownFileType = sourcecode.swift; path = FruitListView.swift; sourceTree = "<group>"; };
		FD53C9602659E2080046D485 /* FruitList.storyboard */ = {isa = PBXFileReference; lastKnownFileType = file.storyboard; path = FruitList.storyboard; sourceTree = "<group>"; };
		FD53C9622659E7E20046D485 /* UIViewController+storyboard.swift */ = {isa = PBXFileReference; fileEncoding = 4; lastKnownFileType = sourcecode.swift; path = "UIViewController+storyboard.swift"; sourceTree = "<group>"; };
		FD53C9892659F3A60046D485 /* SceneDelegate.swift */ = {isa = PBXFileReference; lastKnownFileType = sourcecode.swift; path = SceneDelegate.swift; sourceTree = "<group>"; };
		FD53C98B2659F7970046D485 /* NibBackedView.swift */ = {isa = PBXFileReference; fileEncoding = 4; lastKnownFileType = sourcecode.swift; path = NibBackedView.swift; sourceTree = "<group>"; };
		FD701590265BC54500E72899 /* ApiService.swift */ = {isa = PBXFileReference; fileEncoding = 4; lastKnownFileType = sourcecode.swift; path = ApiService.swift; sourceTree = "<group>"; };
		FD701592265BC60A00E72899 /* Request.swift */ = {isa = PBXFileReference; lastKnownFileType = sourcecode.swift; path = Request.swift; sourceTree = "<group>"; };
		FD701594265BC60A00E72899 /* HttpMethod.swift */ = {isa = PBXFileReference; lastKnownFileType = sourcecode.swift; path = HttpMethod.swift; sourceTree = "<group>"; };
		FD701597265BC60A00E72899 /* HttpHeader.swift */ = {isa = PBXFileReference; lastKnownFileType = sourcecode.swift; path = HttpHeader.swift; sourceTree = "<group>"; };
		FD70159A265BC60A00E72899 /* URLRequestBuilder.swift */ = {isa = PBXFileReference; lastKnownFileType = sourcecode.swift; path = URLRequestBuilder.swift; sourceTree = "<group>"; };
		FD70159C265BC60A00E72899 /* ApiError.swift */ = {isa = PBXFileReference; lastKnownFileType = sourcecode.swift; path = ApiError.swift; sourceTree = "<group>"; };
		FD7015A4265BC60A00E72899 /* GetFruitDataRequest.swift */ = {isa = PBXFileReference; lastKnownFileType = sourcecode.swift; path = GetFruitDataRequest.swift; sourceTree = "<group>"; };
		FD75F849265A9C85004416E1 /* RoundedBorderButton.swift */ = {isa = PBXFileReference; lastKnownFileType = sourcecode.swift; path = RoundedBorderButton.swift; sourceTree = "<group>"; };
		FD931C5D265D24F200F37AB3 /* XCTestExpectation+Promise.swift */ = {isa = PBXFileReference; lastKnownFileType = sourcecode.swift; path = "XCTestExpectation+Promise.swift"; sourceTree = "<group>"; };
		FD931C61265D291C00F37AB3 /* FruitFixtures.swift */ = {isa = PBXFileReference; lastKnownFileType = sourcecode.swift; path = FruitFixtures.swift; sourceTree = "<group>"; };
		FD931C65265D325000F37AB3 /* FruitDetailPresenterTests.swift */ = {isa = PBXFileReference; fileEncoding = 4; lastKnownFileType = sourcecode.swift; path = FruitDetailPresenterTests.swift; sourceTree = "<group>"; };
		FD931C68265D3E6C00F37AB3 /* FruitListInteractorTests.swift */ = {isa = PBXFileReference; fileEncoding = 4; lastKnownFileType = sourcecode.swift; name = FruitListInteractorTests.swift; path = FruitfulTests/Tests/InteractorTests/FruitListInteractorTests.swift; sourceTree = SOURCE_ROOT; };
		FD931C6A265D4D1400F37AB3 /* RequestMatcher.swift */ = {isa = PBXFileReference; lastKnownFileType = sourcecode.swift; path = RequestMatcher.swift; sourceTree = "<group>"; };
		FDA36746265A977400E7ED99 /* UIScrollView+refresh.swift */ = {isa = PBXFileReference; lastKnownFileType = sourcecode.swift; path = "UIScrollView+refresh.swift"; sourceTree = "<group>"; };
		FDB5CC36265BBE3B00159141 /* TimeInterval+Utils.swift */ = {isa = PBXFileReference; lastKnownFileType = sourcecode.swift; path = "TimeInterval+Utils.swift"; sourceTree = "<group>"; };
		FDB5CC38265BCF4500159141 /* ApiConfig.swift */ = {isa = PBXFileReference; lastKnownFileType = sourcecode.swift; path = ApiConfig.swift; sourceTree = "<group>"; };
		FDB5CC3A265BF1A400159141 /* ScreenAnalytics.swift */ = {isa = PBXFileReference; lastKnownFileType = sourcecode.swift; path = ScreenAnalytics.swift; sourceTree = "<group>"; };
		FDB5CC41265C3FAF00159141 /* AutoMockable.swift */ = {isa = PBXFileReference; lastKnownFileType = sourcecode.swift; path = AutoMockable.swift; sourceTree = "<group>"; };
		FDB5CC44265C43A400159141 /* Mock.generated.swift */ = {isa = PBXFileReference; fileEncoding = 4; lastKnownFileType = sourcecode.swift; path = Mock.generated.swift; sourceTree = "<group>"; };
		FDEACC2E2659C62600D0A756 /* FruitDetail.storyboard */ = {isa = PBXFileReference; lastKnownFileType = file.storyboard; path = FruitDetail.storyboard; sourceTree = "<group>"; };
/* End PBXFileReference section */

/* Begin PBXFrameworksBuildPhase section */
		FD53C9012659193C0046D485 /* Frameworks */ = {
			isa = PBXFrameworksBuildPhase;
			buildActionMask = 2147483647;
			files = (
				FD7015A2265BC60A00E72899 /* PMKFoundation in Frameworks */,
				FD53C945265935330046D485 /* PromiseKit in Frameworks */,
			);
			runOnlyForDeploymentPostprocessing = 0;
		};
		FD53C9172659193F0046D485 /* Frameworks */ = {
			isa = PBXFrameworksBuildPhase;
			buildActionMask = 2147483647;
			files = (
				FDB5CC3E265C251E00159141 /* SwiftyMocky in Frameworks */,
			);
			runOnlyForDeploymentPostprocessing = 0;
		};
/* End PBXFrameworksBuildPhase section */

/* Begin PBXGroup section */
		FD06C7E1265D34E500D1B497 /* Request */ = {
			isa = PBXGroup;
			children = (
				FD06C7E2265D350B00D1B497 /* PostAnalyticsEventRequest.swift */,
			);
			path = Request;
			sourceTree = "<group>";
		};
		FD2E0980265963F6006D3459 /* FruitDetail */ = {
			isa = PBXGroup;
			children = (
				FD2E09912659692B006D3459 /* FruitDetailModule.swift */,
				FD2E0983265963F6006D3459 /* View */,
				FD2E0981265963F6006D3459 /* Presenter */,
				FD2E0989265963F6006D3459 /* Router */,
			);
			path = FruitDetail;
			sourceTree = "<group>";
		};
		FD2E0981265963F6006D3459 /* Presenter */ = {
			isa = PBXGroup;
			children = (
				FD2E0982265963F6006D3459 /* FruitDetailPresenter.swift */,
			);
			path = Presenter;
			sourceTree = "<group>";
		};
		FD2E0983265963F6006D3459 /* View */ = {
			isa = PBXGroup;
			children = (
				FD2E0984265963F6006D3459 /* FruitDetailView.swift */,
				FD2E0985265963F6006D3459 /* FruitDetailViewController.swift */,
				FDEACC2E2659C62600D0A756 /* FruitDetail.storyboard */,
			);
			path = View;
			sourceTree = "<group>";
		};
		FD2E0989265963F6006D3459 /* Router */ = {
			isa = PBXGroup;
			children = (
				FD2E098A265963F6006D3459 /* FruitDetailRouter.swift */,
			);
			path = Router;
			sourceTree = "<group>";
		};
		FD53C8FB2659193C0046D485 = {
			isa = PBXGroup;
			children = (
				FD53C9062659193C0046D485 /* Fruitful */,
				FD53C91D2659193F0046D485 /* FruitfulTests */,
				FD53C9052659193C0046D485 /* Products */,
			);
			sourceTree = "<group>";
		};
		FD53C9052659193C0046D485 /* Products */ = {
			isa = PBXGroup;
			children = (
				FD53C9042659193C0046D485 /* Fruitful.app */,
				FD53C91A2659193F0046D485 /* FruitfulTests.xctest */,
			);
			name = Products;
			sourceTree = "<group>";
		};
		FD53C9062659193C0046D485 /* Fruitful */ = {
			isa = PBXGroup;
			children = (
				FD75F848265A9C62004416E1 /* Components */,
				FD53C93B265929420046D485 /* Modules */,
				FD53C93E265929E60046D485 /* Services */,
				FD53C95B265959550046D485 /* Utilities */,
				FD53C93A265928630046D485 /* Supporting Files */,
			);
			path = Fruitful;
			sourceTree = "<group>";
		};
		FD53C91D2659193F0046D485 /* FruitfulTests */ = {
			isa = PBXGroup;
			children = (
				FD931C59265D00FF00F37AB3 /* Tests */,
				FD931C5F265D28DE00F37AB3 /* Fixtures */,
				FDB5CC43265C43A400159141 /* Mocks */,
				FD931C5C265D24AC00F37AB3 /* Utilities */,
				FD53C94226592D250046D485 /* Supporting Files */,
			);
			path = FruitfulTests;
			sourceTree = "<group>";
		};
		FD53C93A265928630046D485 /* Supporting Files */ = {
			isa = PBXGroup;
			children = (
				FD53C9102659193F0046D485 /* Assets.xcassets */,
				FD53C9122659193F0046D485 /* LaunchScreen.storyboard */,
				FD53C9072659193C0046D485 /* AppDelegate.swift */,
				FD53C9892659F3A60046D485 /* SceneDelegate.swift */,
				FD53C9152659193F0046D485 /* Info.plist */,
			);
			path = "Supporting Files";
			sourceTree = "<group>";
		};
		FD53C93B265929420046D485 /* Modules */ = {
			isa = PBXGroup;
			children = (
				FD53C93C265929560046D485 /* FruitList */,
				FD2E0980265963F6006D3459 /* FruitDetail */,
			);
			path = Modules;
			sourceTree = "<group>";
		};
		FD53C93C265929560046D485 /* FruitList */ = {
			isa = PBXGroup;
			children = (
				FD2E099326596B52006D3459 /* FruitListModule.swift */,
				FD53C94126592C0F0046D485 /* View */,
				FD53C9462659360F0046D485 /* Interactor */,
				FD53C9472659362B0046D485 /* Presenter */,
				FD53C953265955250046D485 /* Entities */,
				FD53C948265936410046D485 /* Router */,
			);
			path = FruitList;
			sourceTree = "<group>";
		};
		FD53C93E265929E60046D485 /* Services */ = {
			isa = PBXGroup;
			children = (
				FD53C94026592BF30046D485 /* Analytics */,
				FD53C93F26592BDD0046D485 /* Api */,
			);
			path = Services;
			sourceTree = "<group>";
		};
		FD53C93F26592BDD0046D485 /* Api */ = {
			isa = PBXGroup;
			children = (
				FD701596265BC60A00E72899 /* Request */,
				FD701590265BC54500E72899 /* ApiService.swift */,
				FDB5CC38265BCF4500159141 /* ApiConfig.swift */,
				FD70159C265BC60A00E72899 /* ApiError.swift */,
			);
			path = Api;
			sourceTree = "<group>";
		};
		FD53C94026592BF30046D485 /* Analytics */ = {
			isa = PBXGroup;
			children = (
				FD06C7E1265D34E500D1B497 /* Request */,
				FD06C7DD265D21F700D1B497 /* AnalyticsService.swift */,
				FD06C7DF265D265F00D1B497 /* AnalyticsEvent.swift */,
				FDB5CC3A265BF1A400159141 /* ScreenAnalytics.swift */,
			);
			path = Analytics;
			sourceTree = "<group>";
		};
		FD53C94126592C0F0046D485 /* View */ = {
			isa = PBXGroup;
			children = (
				FD53C9562659580D0046D485 /* Cell */,
				FD53C95E265967260046D485 /* FruitListView.swift */,
				FD53C90B2659193C0046D485 /* FruitListViewController.swift */,
				FD53C9602659E2080046D485 /* FruitList.storyboard */,
			);
			path = View;
			sourceTree = "<group>";
		};
		FD53C94226592D250046D485 /* Supporting Files */ = {
			isa = PBXGroup;
			children = (
				FD53C9202659193F0046D485 /* Info.plist */,
			);
			path = "Supporting Files";
			sourceTree = "<group>";
		};
		FD53C9462659360F0046D485 /* Interactor */ = {
			isa = PBXGroup;
			children = (
				FD53C94B265939D50046D485 /* FruitListInteractor.swift */,
			);
			path = Interactor;
			sourceTree = "<group>";
		};
		FD53C9472659362B0046D485 /* Presenter */ = {
			isa = PBXGroup;
			children = (
				FD53C94D26593A010046D485 /* FruitListPresenter.swift */,
			);
			path = Presenter;
			sourceTree = "<group>";
		};
		FD53C948265936410046D485 /* Router */ = {
			isa = PBXGroup;
			children = (
				FD53C94F26593ADC0046D485 /* FruitListRouter.swift */,
			);
			path = Router;
			sourceTree = "<group>";
		};
		FD53C953265955250046D485 /* Entities */ = {
			isa = PBXGroup;
			children = (
				FD53C951265953690046D485 /* Fruit.swift */,
				FD7015A4265BC60A00E72899 /* GetFruitDataRequest.swift */,
			);
			path = Entities;
			sourceTree = "<group>";
		};
		FD53C9562659580D0046D485 /* Cell */ = {
			isa = PBXGroup;
			children = (
				FD53C9572659582F0046D485 /* FruitListCollectionViewCell.swift */,
				FD53C9582659582F0046D485 /* FruitListCollectionViewCell.xib */,
			);
			path = Cell;
			sourceTree = "<group>";
		};
		FD53C95B265959550046D485 /* Utilities */ = {
			isa = PBXGroup;
			children = (
				FD53C9642659EA8C0046D485 /* Extensions */,
				FD53C95C265959780046D485 /* DesignableView.swift */,
				FD53C98B2659F7970046D485 /* NibBackedView.swift */,
				FDB5CC41265C3FAF00159141 /* AutoMockable.swift */,
			);
			path = Utilities;
			sourceTree = "<group>";
		};
		FD53C9642659EA8C0046D485 /* Extensions */ = {
			isa = PBXGroup;
			children = (
				FD53C9622659E7E20046D485 /* UIViewController+storyboard.swift */,
				FDA36746265A977400E7ED99 /* UIScrollView+refresh.swift */,
				FDB5CC36265BBE3B00159141 /* TimeInterval+Utils.swift */,
			);
			path = Extensions;
			sourceTree = "<group>";
		};
		FD701596265BC60A00E72899 /* Request */ = {
			isa = PBXGroup;
			children = (
				FD701599265BC60A00E72899 /* Builder */,
				FD701594265BC60A00E72899 /* HttpMethod.swift */,
				FD701597265BC60A00E72899 /* HttpHeader.swift */,
				FD701592265BC60A00E72899 /* Request.swift */,
			);
			path = Request;
			sourceTree = "<group>";
		};
		FD701599265BC60A00E72899 /* Builder */ = {
			isa = PBXGroup;
			children = (
				FD70159A265BC60A00E72899 /* URLRequestBuilder.swift */,
			);
			path = Builder;
			sourceTree = "<group>";
		};
		FD75F848265A9C62004416E1 /* Components */ = {
			isa = PBXGroup;
			children = (
				FD75F849265A9C85004416E1 /* RoundedBorderButton.swift */,
			);
			path = Components;
			sourceTree = "<group>";
		};
		FD931C59265D00FF00F37AB3 /* Tests */ = {
			isa = PBXGroup;
			children = (
				FD931C67265D3CFA00F37AB3 /* InteractorTests */,
				FD931C5B265D19AC00F37AB3 /* PresenterTests */,
			);
			path = Tests;
			sourceTree = "<group>";
		};
		FD931C5B265D19AC00F37AB3 /* PresenterTests */ = {
			isa = PBXGroup;
			children = (
				FD53C91E2659193F0046D485 /* FruitListPresenterTests.swift */,
				FD931C65265D325000F37AB3 /* FruitDetailPresenterTests.swift */,
			);
			path = PresenterTests;
			sourceTree = "<group>";
		};
		FD931C5C265D24AC00F37AB3 /* Utilities */ = {
			isa = PBXGroup;
			children = (
				FD931C5D265D24F200F37AB3 /* XCTestExpectation+Promise.swift */,
				FD931C6A265D4D1400F37AB3 /* RequestMatcher.swift */,
			);
			path = Utilities;
			sourceTree = "<group>";
		};
		FD931C5F265D28DE00F37AB3 /* Fixtures */ = {
			isa = PBXGroup;
			children = (
				FD931C61265D291C00F37AB3 /* FruitFixtures.swift */,
			);
			path = Fixtures;
			sourceTree = "<group>";
		};
		FD931C67265D3CFA00F37AB3 /* InteractorTests */ = {
			isa = PBXGroup;
			children = (
				FD931C68265D3E6C00F37AB3 /* FruitListInteractorTests.swift */,
			);
			path = InteractorTests;
			sourceTree = "<group>";
		};
		FDB5CC43265C43A400159141 /* Mocks */ = {
			isa = PBXGroup;
			children = (
				FDB5CC44265C43A400159141 /* Mock.generated.swift */,
			);
			path = Mocks;
			sourceTree = "<group>";
		};
/* End PBXGroup section */

/* Begin PBXNativeTarget section */
		FD53C9032659193C0046D485 /* Fruitful */ = {
			isa = PBXNativeTarget;
			buildConfigurationList = FD53C92E2659193F0046D485 /* Build configuration list for PBXNativeTarget "Fruitful" */;
			buildPhases = (
				FD931C5A265D0E1A00F37AB3 /* Generate Mocks */,
				FD53C9002659193C0046D485 /* Sources */,
				FD53C9012659193C0046D485 /* Frameworks */,
				FD53C9022659193C0046D485 /* Resources */,
			);
			buildRules = (
			);
			dependencies = (
			);
			name = Fruitful;
			packageProductDependencies = (
				FD53C944265935330046D485 /* PromiseKit */,
				FD7015A1265BC60A00E72899 /* PMKFoundation */,
			);
			productName = Fruitful;
			productReference = FD53C9042659193C0046D485 /* Fruitful.app */;
			productType = "com.apple.product-type.application";
		};
		FD53C9192659193F0046D485 /* FruitfulTests */ = {
			isa = PBXNativeTarget;
			buildConfigurationList = FD53C9312659193F0046D485 /* Build configuration list for PBXNativeTarget "FruitfulTests" */;
			buildPhases = (
				FDB5CC3F265C25FC00159141 /* Generate Mocks */,
				FD53C9162659193F0046D485 /* Sources */,
				FD53C9172659193F0046D485 /* Frameworks */,
				FD53C9182659193F0046D485 /* Resources */,
			);
			buildRules = (
			);
			dependencies = (
				FD53C91C2659193F0046D485 /* PBXTargetDependency */,
			);
			name = FruitfulTests;
			packageProductDependencies = (
				FDB5CC3D265C251E00159141 /* SwiftyMocky */,
			);
			productName = FruitfulTests;
			productReference = FD53C91A2659193F0046D485 /* FruitfulTests.xctest */;
			productType = "com.apple.product-type.bundle.unit-test";
		};
/* End PBXNativeTarget section */

/* Begin PBXProject section */
		FD53C8FC2659193C0046D485 /* Project object */ = {
			isa = PBXProject;
			attributes = {
				LastSwiftUpdateCheck = 1250;
				LastUpgradeCheck = 1250;
				TargetAttributes = {
					FD53C9032659193C0046D485 = {
						CreatedOnToolsVersion = 12.5;
					};
					FD53C9192659193F0046D485 = {
						CreatedOnToolsVersion = 12.5;
						TestTargetID = FD53C9032659193C0046D485;
					};
				};
			};
			buildConfigurationList = FD53C8FF2659193C0046D485 /* Build configuration list for PBXProject "Fruitful" */;
			compatibilityVersion = "Xcode 9.3";
			developmentRegion = en;
			hasScannedForEncodings = 0;
			knownRegions = (
				en,
				Base,
			);
			mainGroup = FD53C8FB2659193C0046D485;
			packageReferences = (
				FD53C9372659264B0046D485 /* XCRemoteSwiftPackageReference "PromiseKit" */,
				FD7015A0265BC60A00E72899 /* XCRemoteSwiftPackageReference "Foundation" */,
				FDB5CC3C265C251E00159141 /* XCRemoteSwiftPackageReference "SwiftyMocky" */,
			);
			productRefGroup = FD53C9052659193C0046D485 /* Products */;
			projectDirPath = "";
			projectRoot = "";
			targets = (
				FD53C9032659193C0046D485 /* Fruitful */,
				FD53C9192659193F0046D485 /* FruitfulTests */,
			);
		};
/* End PBXProject section */

/* Begin PBXResourcesBuildPhase section */
		FD53C9022659193C0046D485 /* Resources */ = {
			isa = PBXResourcesBuildPhase;
			buildActionMask = 2147483647;
			files = (
				FD53C95A2659582F0046D485 /* FruitListCollectionViewCell.xib in Resources */,
				FD53C9142659193F0046D485 /* LaunchScreen.storyboard in Resources */,
				FD53C9612659E2080046D485 /* FruitList.storyboard in Resources */,
				FDEACC2F2659C62600D0A756 /* FruitDetail.storyboard in Resources */,
				FD53C9112659193F0046D485 /* Assets.xcassets in Resources */,
			);
			runOnlyForDeploymentPostprocessing = 0;
		};
		FD53C9182659193F0046D485 /* Resources */ = {
			isa = PBXResourcesBuildPhase;
			buildActionMask = 2147483647;
			files = (
			);
			runOnlyForDeploymentPostprocessing = 0;
		};
/* End PBXResourcesBuildPhase section */

/* Begin PBXShellScriptBuildPhase section */
		FD931C5A265D0E1A00F37AB3 /* Generate Mocks */ = {
			isa = PBXShellScriptBuildPhase;
			alwaysOutOfDate = 1;
			buildActionMask = 2147483647;
			files = (
			);
			inputFileListPaths = (
			);
			inputPaths = (
			);
			name = "Generate Mocks";
			outputFileListPaths = (
			);
			outputPaths = (
			);
			runOnlyForDeploymentPostprocessing = 0;
			shellPath = "/usr/bin/xcrun --sdk macosx bash";
			shellScript = "scripts/generate-mocks\n";
		};
		FDB5CC3F265C25FC00159141 /* Generate Mocks */ = {
			isa = PBXShellScriptBuildPhase;
			alwaysOutOfDate = 1;
			buildActionMask = 2147483647;
			files = (
			);
			inputFileListPaths = (
			);
			inputPaths = (
			);
			name = "Generate Mocks";
			outputFileListPaths = (
			);
			outputPaths = (
			);
			runOnlyForDeploymentPostprocessing = 0;
			shellPath = "/usr/bin/xcrun --sdk macosx bash";
			shellScript = "scripts/generate-mocks\n";
		};
/* End PBXShellScriptBuildPhase section */

/* Begin PBXSourcesBuildPhase section */
		FD53C9002659193C0046D485 /* Sources */ = {
			isa = PBXSourcesBuildPhase;
			buildActionMask = 2147483647;
			files = (
				FD2E098B265963F6006D3459 /* FruitDetailPresenter.swift in Sources */,
				FD53C94E26593A010046D485 /* FruitListPresenter.swift in Sources */,
				FD53C95F265967260046D485 /* FruitListView.swift in Sources */,
				FDB5CC37265BBE3B00159141 /* TimeInterval+Utils.swift in Sources */,
				FD53C9632659E7E20046D485 /* UIViewController+storyboard.swift in Sources */,
				FD701593265BC60A00E72899 /* Request.swift in Sources */,
				FD931C64265D29B800F37AB3 /* Fruit.swift in Sources */,
				FD70159B265BC60A00E72899 /* URLRequestBuilder.swift in Sources */,
				FD53C94C265939D50046D485 /* FruitListInteractor.swift in Sources */,
				FDB5CC39265BCF4500159141 /* ApiConfig.swift in Sources */,
				FD53C9592659582F0046D485 /* FruitListCollectionViewCell.swift in Sources */,
				FD2E0990265963F6006D3459 /* FruitDetailRouter.swift in Sources */,
				FD75F84A265A9C85004416E1 /* RoundedBorderButton.swift in Sources */,
				FD2E098C265963F6006D3459 /* FruitDetailView.swift in Sources */,
				FDA36747265A977400E7ED99 /* UIScrollView+refresh.swift in Sources */,
				FD53C95026593ADC0046D485 /* FruitListRouter.swift in Sources */,
				FD2E09922659692B006D3459 /* FruitDetailModule.swift in Sources */,
				FD7015A5265BC60A00E72899 /* GetFruitDataRequest.swift in Sources */,
				FD2E099426596B52006D3459 /* FruitListModule.swift in Sources */,
				FD06C7E3265D350B00D1B497 /* PostAnalyticsEventRequest.swift in Sources */,
				FD53C98A2659F3A60046D485 /* SceneDelegate.swift in Sources */,
				FDB5CC3B265BF1A400159141 /* ScreenAnalytics.swift in Sources */,
				FD53C98C2659F7970046D485 /* NibBackedView.swift in Sources */,
				FDB5CC42265C3FAF00159141 /* AutoMockable.swift in Sources */,
				FD701595265BC60A00E72899 /* HttpMethod.swift in Sources */,
				FD53C90C2659193C0046D485 /* FruitListViewController.swift in Sources */,
				FD53C9082659193C0046D485 /* AppDelegate.swift in Sources */,
				FD53C95D265959780046D485 /* DesignableView.swift in Sources */,
				FD06C7DE265D21F700D1B497 /* AnalyticsService.swift in Sources */,
				FD701598265BC60A00E72899 /* HttpHeader.swift in Sources */,
				FD701591265BC54500E72899 /* ApiService.swift in Sources */,
				FD06C7E0265D265F00D1B497 /* AnalyticsEvent.swift in Sources */,
				FD70159D265BC60A00E72899 /* ApiError.swift in Sources */,
				FD2E098D265963F6006D3459 /* FruitDetailViewController.swift in Sources */,
			);
			runOnlyForDeploymentPostprocessing = 0;
		};
		FD53C9162659193F0046D485 /* Sources */ = {
			isa = PBXSourcesBuildPhase;
			buildActionMask = 2147483647;
			files = (
				FD931C5E265D24F200F37AB3 /* XCTestExpectation+Promise.swift in Sources */,
				FD931C66265D325000F37AB3 /* FruitDetailPresenterTests.swift in Sources */,
				FD931C6B265D4D1400F37AB3 /* RequestMatcher.swift in Sources */,
				FDB5CC45265C43A400159141 /* Mock.generated.swift in Sources */,
				FD931C62265D291C00F37AB3 /* FruitFixtures.swift in Sources */,
				FD53C91F2659193F0046D485 /* FruitListPresenterTests.swift in Sources */,
				FD931C69265D3E6C00F37AB3 /* FruitListInteractorTests.swift in Sources */,
			);
			runOnlyForDeploymentPostprocessing = 0;
		};
/* End PBXSourcesBuildPhase section */

/* Begin PBXTargetDependency section */
		FD53C91C2659193F0046D485 /* PBXTargetDependency */ = {
			isa = PBXTargetDependency;
			target = FD53C9032659193C0046D485 /* Fruitful */;
			targetProxy = FD53C91B2659193F0046D485 /* PBXContainerItemProxy */;
		};
/* End PBXTargetDependency section */

/* Begin PBXVariantGroup section */
		FD53C9122659193F0046D485 /* LaunchScreen.storyboard */ = {
			isa = PBXVariantGroup;
			children = (
				FD53C9132659193F0046D485 /* Base */,
			);
			name = LaunchScreen.storyboard;
			sourceTree = "<group>";
		};
/* End PBXVariantGroup section */

/* Begin XCBuildConfiguration section */
		FD53C92C2659193F0046D485 /* Debug */ = {
			isa = XCBuildConfiguration;
			buildSettings = {
				ALWAYS_SEARCH_USER_PATHS = NO;
				CLANG_ANALYZER_NONNULL = YES;
				CLANG_ANALYZER_NUMBER_OBJECT_CONVERSION = YES_AGGRESSIVE;
				CLANG_CXX_LANGUAGE_STANDARD = "gnu++14";
				CLANG_CXX_LIBRARY = "libc++";
				CLANG_ENABLE_MODULES = YES;
				CLANG_ENABLE_OBJC_ARC = YES;
				CLANG_ENABLE_OBJC_WEAK = YES;
				CLANG_WARN_BLOCK_CAPTURE_AUTORELEASING = YES;
				CLANG_WARN_BOOL_CONVERSION = YES;
				CLANG_WARN_COMMA = YES;
				CLANG_WARN_CONSTANT_CONVERSION = YES;
				CLANG_WARN_DEPRECATED_OBJC_IMPLEMENTATIONS = YES;
				CLANG_WARN_DIRECT_OBJC_ISA_USAGE = YES_ERROR;
				CLANG_WARN_DOCUMENTATION_COMMENTS = YES;
				CLANG_WARN_EMPTY_BODY = YES;
				CLANG_WARN_ENUM_CONVERSION = YES;
				CLANG_WARN_INFINITE_RECURSION = YES;
				CLANG_WARN_INT_CONVERSION = YES;
				CLANG_WARN_NON_LITERAL_NULL_CONVERSION = YES;
				CLANG_WARN_OBJC_IMPLICIT_RETAIN_SELF = YES;
				CLANG_WARN_OBJC_LITERAL_CONVERSION = YES;
				CLANG_WARN_OBJC_ROOT_CLASS = YES_ERROR;
				CLANG_WARN_QUOTED_INCLUDE_IN_FRAMEWORK_HEADER = YES;
				CLANG_WARN_RANGE_LOOP_ANALYSIS = YES;
				CLANG_WARN_STRICT_PROTOTYPES = YES;
				CLANG_WARN_SUSPICIOUS_MOVE = YES;
				CLANG_WARN_UNGUARDED_AVAILABILITY = YES_AGGRESSIVE;
				CLANG_WARN_UNREACHABLE_CODE = YES;
				CLANG_WARN__DUPLICATE_METHOD_MATCH = YES;
				COPY_PHASE_STRIP = NO;
				DEBUG_INFORMATION_FORMAT = dwarf;
				ENABLE_STRICT_OBJC_MSGSEND = YES;
				ENABLE_TESTABILITY = YES;
				GCC_C_LANGUAGE_STANDARD = gnu11;
				GCC_DYNAMIC_NO_PIC = NO;
				GCC_NO_COMMON_BLOCKS = YES;
				GCC_OPTIMIZATION_LEVEL = 0;
				GCC_PREPROCESSOR_DEFINITIONS = (
					"DEBUG=1",
					"$(inherited)",
				);
				GCC_WARN_64_TO_32_BIT_CONVERSION = YES;
				GCC_WARN_ABOUT_RETURN_TYPE = YES_ERROR;
				GCC_WARN_UNDECLARED_SELECTOR = YES;
				GCC_WARN_UNINITIALIZED_AUTOS = YES_AGGRESSIVE;
				GCC_WARN_UNUSED_FUNCTION = YES;
				GCC_WARN_UNUSED_VARIABLE = YES;
				IPHONEOS_DEPLOYMENT_TARGET = 14.5;
				MTL_ENABLE_DEBUG_INFO = INCLUDE_SOURCE;
				MTL_FAST_MATH = YES;
				ONLY_ACTIVE_ARCH = YES;
				SDKROOT = iphoneos;
				SWIFT_ACTIVE_COMPILATION_CONDITIONS = DEBUG;
				SWIFT_OPTIMIZATION_LEVEL = "-Onone";
			};
			name = Debug;
		};
		FD53C92D2659193F0046D485 /* Release */ = {
			isa = XCBuildConfiguration;
			buildSettings = {
				ALWAYS_SEARCH_USER_PATHS = NO;
				CLANG_ANALYZER_NONNULL = YES;
				CLANG_ANALYZER_NUMBER_OBJECT_CONVERSION = YES_AGGRESSIVE;
				CLANG_CXX_LANGUAGE_STANDARD = "gnu++14";
				CLANG_CXX_LIBRARY = "libc++";
				CLANG_ENABLE_MODULES = YES;
				CLANG_ENABLE_OBJC_ARC = YES;
				CLANG_ENABLE_OBJC_WEAK = YES;
				CLANG_WARN_BLOCK_CAPTURE_AUTORELEASING = YES;
				CLANG_WARN_BOOL_CONVERSION = YES;
				CLANG_WARN_COMMA = YES;
				CLANG_WARN_CONSTANT_CONVERSION = YES;
				CLANG_WARN_DEPRECATED_OBJC_IMPLEMENTATIONS = YES;
				CLANG_WARN_DIRECT_OBJC_ISA_USAGE = YES_ERROR;
				CLANG_WARN_DOCUMENTATION_COMMENTS = YES;
				CLANG_WARN_EMPTY_BODY = YES;
				CLANG_WARN_ENUM_CONVERSION = YES;
				CLANG_WARN_INFINITE_RECURSION = YES;
				CLANG_WARN_INT_CONVERSION = YES;
				CLANG_WARN_NON_LITERAL_NULL_CONVERSION = YES;
				CLANG_WARN_OBJC_IMPLICIT_RETAIN_SELF = YES;
				CLANG_WARN_OBJC_LITERAL_CONVERSION = YES;
				CLANG_WARN_OBJC_ROOT_CLASS = YES_ERROR;
				CLANG_WARN_QUOTED_INCLUDE_IN_FRAMEWORK_HEADER = YES;
				CLANG_WARN_RANGE_LOOP_ANALYSIS = YES;
				CLANG_WARN_STRICT_PROTOTYPES = YES;
				CLANG_WARN_SUSPICIOUS_MOVE = YES;
				CLANG_WARN_UNGUARDED_AVAILABILITY = YES_AGGRESSIVE;
				CLANG_WARN_UNREACHABLE_CODE = YES;
				CLANG_WARN__DUPLICATE_METHOD_MATCH = YES;
				COPY_PHASE_STRIP = NO;
				DEBUG_INFORMATION_FORMAT = "dwarf-with-dsym";
				ENABLE_NS_ASSERTIONS = NO;
				ENABLE_STRICT_OBJC_MSGSEND = YES;
				GCC_C_LANGUAGE_STANDARD = gnu11;
				GCC_NO_COMMON_BLOCKS = YES;
				GCC_WARN_64_TO_32_BIT_CONVERSION = YES;
				GCC_WARN_ABOUT_RETURN_TYPE = YES_ERROR;
				GCC_WARN_UNDECLARED_SELECTOR = YES;
				GCC_WARN_UNINITIALIZED_AUTOS = YES_AGGRESSIVE;
				GCC_WARN_UNUSED_FUNCTION = YES;
				GCC_WARN_UNUSED_VARIABLE = YES;
				IPHONEOS_DEPLOYMENT_TARGET = 14.5;
				MTL_ENABLE_DEBUG_INFO = NO;
				MTL_FAST_MATH = YES;
				SDKROOT = iphoneos;
				SWIFT_COMPILATION_MODE = wholemodule;
				SWIFT_OPTIMIZATION_LEVEL = "-O";
				VALIDATE_PRODUCT = YES;
			};
			name = Release;
		};
		FD53C92F2659193F0046D485 /* Debug */ = {
			isa = XCBuildConfiguration;
			buildSettings = {
				ASSETCATALOG_COMPILER_APPICON_NAME = AppIcon;
				ASSETCATALOG_COMPILER_GLOBAL_ACCENT_COLOR_NAME = AccentColor;
				CODE_SIGN_STYLE = Automatic;
				DEVELOPMENT_TEAM = "";
				INFOPLIST_FILE = "Fruitful/Supporting Files/Info.plist";
				IPHONEOS_DEPLOYMENT_TARGET = 14.1;
				LD_RUNPATH_SEARCH_PATHS = (
					"$(inherited)",
					"@executable_path/Frameworks",
				);
				MARKETING_VERSION = 0.1.0;
				PRODUCT_BUNDLE_IDENTIFIER = com.bloxidge.Fruitful;
				PRODUCT_NAME = "$(TARGET_NAME)";
				SWIFT_VERSION = 5.0;
				TARGETED_DEVICE_FAMILY = "1,2";
			};
			name = Debug;
		};
		FD53C9302659193F0046D485 /* Release */ = {
			isa = XCBuildConfiguration;
			buildSettings = {
				ASSETCATALOG_COMPILER_APPICON_NAME = AppIcon;
				ASSETCATALOG_COMPILER_GLOBAL_ACCENT_COLOR_NAME = AccentColor;
				CODE_SIGN_STYLE = Automatic;
				DEVELOPMENT_TEAM = "";
				INFOPLIST_FILE = "Fruitful/Supporting Files/Info.plist";
				IPHONEOS_DEPLOYMENT_TARGET = 14.1;
				LD_RUNPATH_SEARCH_PATHS = (
					"$(inherited)",
					"@executable_path/Frameworks",
				);
				MARKETING_VERSION = 0.1.0;
				PRODUCT_BUNDLE_IDENTIFIER = com.bloxidge.Fruitful;
				PRODUCT_NAME = "$(TARGET_NAME)";
				SWIFT_VERSION = 5.0;
				TARGETED_DEVICE_FAMILY = "1,2";
			};
			name = Release;
		};
		FD53C9322659193F0046D485 /* Debug */ = {
			isa = XCBuildConfiguration;
			buildSettings = {
				ALWAYS_EMBED_SWIFT_STANDARD_LIBRARIES = YES;
				BUNDLE_LOADER = "$(TEST_HOST)";
				"CODE_SIGN_IDENTITY[sdk=macosx*]" = "-";
				CODE_SIGN_STYLE = Automatic;
				INFOPLIST_FILE = "FruitfulTests/Supporting Files/Info.plist";
				IPHONEOS_DEPLOYMENT_TARGET = 14.5;
				LD_RUNPATH_SEARCH_PATHS = (
					"$(inherited)",
					"@executable_path/Frameworks",
					"@loader_path/Frameworks",
				);
				PRODUCT_BUNDLE_IDENTIFIER = com.bloxidge.FruitfulTests;
				PRODUCT_NAME = "$(TARGET_NAME)";
				SWIFT_VERSION = 5.0;
				TARGETED_DEVICE_FAMILY = "1,2";
				TEST_HOST = "$(BUILT_PRODUCTS_DIR)/Fruitful.app/Fruitful";
			};
			name = Debug;
		};
		FD53C9332659193F0046D485 /* Release */ = {
			isa = XCBuildConfiguration;
			buildSettings = {
				ALWAYS_EMBED_SWIFT_STANDARD_LIBRARIES = YES;
				BUNDLE_LOADER = "$(TEST_HOST)";
				"CODE_SIGN_IDENTITY[sdk=macosx*]" = "-";
				CODE_SIGN_STYLE = Automatic;
				INFOPLIST_FILE = "FruitfulTests/Supporting Files/Info.plist";
				IPHONEOS_DEPLOYMENT_TARGET = 14.5;
				LD_RUNPATH_SEARCH_PATHS = (
					"$(inherited)",
					"@executable_path/Frameworks",
					"@loader_path/Frameworks",
				);
				PRODUCT_BUNDLE_IDENTIFIER = com.bloxidge.FruitfulTests;
				PRODUCT_NAME = "$(TARGET_NAME)";
				SWIFT_VERSION = 5.0;
				TARGETED_DEVICE_FAMILY = "1,2";
				TEST_HOST = "$(BUILT_PRODUCTS_DIR)/Fruitful.app/Fruitful";
			};
			name = Release;
		};
/* End XCBuildConfiguration section */

/* Begin XCConfigurationList section */
		FD53C8FF2659193C0046D485 /* Build configuration list for PBXProject "Fruitful" */ = {
			isa = XCConfigurationList;
			buildConfigurations = (
				FD53C92C2659193F0046D485 /* Debug */,
				FD53C92D2659193F0046D485 /* Release */,
			);
			defaultConfigurationIsVisible = 0;
			defaultConfigurationName = Release;
		};
		FD53C92E2659193F0046D485 /* Build configuration list for PBXNativeTarget "Fruitful" */ = {
			isa = XCConfigurationList;
			buildConfigurations = (
				FD53C92F2659193F0046D485 /* Debug */,
				FD53C9302659193F0046D485 /* Release */,
			);
			defaultConfigurationIsVisible = 0;
			defaultConfigurationName = Release;
		};
		FD53C9312659193F0046D485 /* Build configuration list for PBXNativeTarget "FruitfulTests" */ = {
			isa = XCConfigurationList;
			buildConfigurations = (
				FD53C9322659193F0046D485 /* Debug */,
				FD53C9332659193F0046D485 /* Release */,
			);
			defaultConfigurationIsVisible = 0;
			defaultConfigurationName = Release;
		};
/* End XCConfigurationList section */

/* Begin XCRemoteSwiftPackageReference section */
		FD53C9372659264B0046D485 /* XCRemoteSwiftPackageReference "PromiseKit" */ = {
			isa = XCRemoteSwiftPackageReference;
			repositoryURL = "https://github.com/mxcl/PromiseKit";
			requirement = {
				kind = upToNextMajorVersion;
				minimumVersion = 6.13.0;
			};
		};
		FD7015A0265BC60A00E72899 /* XCRemoteSwiftPackageReference "Foundation" */ = {
			isa = XCRemoteSwiftPackageReference;
			repositoryURL = "https://github.com/PromiseKit/Foundation.git";
			requirement = {
				kind = upToNextMajorVersion;
				minimumVersion = 3.3.0;
			};
		};
		FDB5CC3C265C251E00159141 /* XCRemoteSwiftPackageReference "SwiftyMocky" */ = {
			isa = XCRemoteSwiftPackageReference;
			repositoryURL = "https://github.com/MakeAWishFoundation/SwiftyMocky.git";
			requirement = {
				kind = upToNextMajorVersion;
				minimumVersion = 4.0.0;
			};
		};
/* End XCRemoteSwiftPackageReference section */

/* Begin XCSwiftPackageProductDependency section */
		FD53C944265935330046D485 /* PromiseKit */ = {
			isa = XCSwiftPackageProductDependency;
			package = FD53C9372659264B0046D485 /* XCRemoteSwiftPackageReference "PromiseKit" */;
			productName = PromiseKit;
		};
		FD7015A1265BC60A00E72899 /* PMKFoundation */ = {
			isa = XCSwiftPackageProductDependency;
			package = FD7015A0265BC60A00E72899 /* XCRemoteSwiftPackageReference "Foundation" */;
			productName = PMKFoundation;
		};
		FDB5CC3D265C251E00159141 /* SwiftyMocky */ = {
			isa = XCSwiftPackageProductDependency;
			package = FDB5CC3C265C251E00159141 /* XCRemoteSwiftPackageReference "SwiftyMocky" */;
			productName = SwiftyMocky;
		};
/* End XCSwiftPackageProductDependency section */
	};
	rootObject = FD53C8FC2659193C0046D485 /* Project object */;
}
